
Microsoft Visual Studio Solution File, Format Version 12.00
# Visual Studio Version 17
VisualStudioVersion = 17.2.32630.192
MinimumVisualStudioVersion = 10.0.40219.1
Project("{FAE04EC0-301F-11D3-BF4B-00C04F79EFBC}") = "GameHud", "GameHud.csproj", "{38024A23-E0F8-463E-9CF2-8732947E1AFA}"
EndProject
Global
	GlobalSection(SolutionConfigurationPlatforms) = preSolution
		Debug|Any CPU = Debug|Any CPU
		Release|Any CPU = Release|Any CPU
	EndGlobalSection
	GlobalSection(ProjectConfigurationPlatforms) = postSolution
		{38024A23-E0F8-463E-9CF2-8732947E1AFA}.Debug|Any CPU.ActiveCfg = Debug|Any CPU
		{38024A23-E0F8-463E-9CF2-8732947E1AFA}.Debug|Any CPU.Build.0 = Debug|Any CPU
		{38024A23-E0F8-463E-9CF2-8732947E1AFA}.Release|Any CPU.ActiveCfg = Release|Any CPU
		{38024A23-E0F8-463E-9CF2-8732947E1AFA}.Release|Any CPU.Build.0 = Release|Any CPU
	EndGlobalSection
	GlobalSection(SolutionProperties) = preSolution
		HideSolutionNode = FALSE
	EndGlobalSection
	GlobalSection(ExtensibilityGlobals) = postSolution
		SolutionGuid = {7552C571-3FDF-48CC-87D1-FF24C965A3D9}
	EndGlobalSection
EndGlobal
